
Microsoft Visual Studio Solution File, Format Version 12.00
# Visual Studio Version 17
VisualStudioVersion = 17.9.34622.214
MinimumVisualStudioVersion = 10.0.40219.1
Project("{FAE04EC0-301F-11D3-BF4B-00C04F79EFBC}") = "ConsoleApp1", "ConsoleApp1\ConsoleApp1.csproj", "{AA8C9689-6605-4039-8577-8E3995881329}"
EndProject
Global
	GlobalSection(SolutionConfigurationPlatforms) = preSolution
		Debug|Any CPU = Debug|Any CPU
		Release|Any CPU = Release|Any CPU
	EndGlobalSection
	GlobalSection(ProjectConfigurationPlatforms) = postSolution
		{AA8C9689-6605-4039-8577-8E3995881329}.Debug|Any CPU.ActiveCfg = Debug|Any CPU
		{AA8C9689-6605-4039-8577-8E3995881329}.Debug|Any CPU.Build.0 = Debug|Any CPU
		{AA8C9689-6605-4039-8577-8E3995881329}.Release|Any CPU.ActiveCfg = Release|Any CPU
		{AA8C9689-6605-4039-8577-8E3995881329}.Release|Any CPU.Build.0 = Release|Any CPU
	EndGlobalSection
	GlobalSection(SolutionProperties) = preSolution
		HideSolutionNode = FALSE
	EndGlobalSection
	GlobalSection(ExtensibilityGlobals) = postSolution
		SolutionGuid = {CD1BC53E-B897-4464-877D-C3959D6BE557}
	EndGlobalSection
EndGlobal
